
Microsoft Visual Studio Solution File, Format Version 12.00
# Visual Studio Version 16
VisualStudioVersion = 16.0.32510.428
MinimumVisualStudioVersion = 10.0.40219.1
Project("{FAE04EC0-301F-11D3-BF4B-00C04F79EFBC}") = "Primer Parcial", "Primer Parcial.csproj", "{8C451AD3-DE8B-4FDB-8D13-ED2284079A93}"
EndProject
Global
	GlobalSection(SolutionConfigurationPlatforms) = preSolution
		Debug|Any CPU = Debug|Any CPU
		Release|Any CPU = Release|Any CPU
	EndGlobalSection
	GlobalSection(ProjectConfigurationPlatforms) = postSolution
		{8C451AD3-DE8B-4FDB-8D13-ED2284079A93}.Debug|Any CPU.ActiveCfg = Debug|Any CPU
		{8C451AD3-DE8B-4FDB-8D13-ED2284079A93}.Debug|Any CPU.Build.0 = Debug|Any CPU
		{8C451AD3-DE8B-4FDB-8D13-ED2284079A93}.Release|Any CPU.ActiveCfg = Release|Any CPU
		{8C451AD3-DE8B-4FDB-8D13-ED2284079A93}.Release|Any CPU.Build.0 = Release|Any CPU
	EndGlobalSection
	GlobalSection(SolutionProperties) = preSolution
		HideSolutionNode = FALSE
	EndGlobalSection
	GlobalSection(ExtensibilityGlobals) = postSolution
		SolutionGuid = {7F2F463B-6FB1-4F42-A473-8445B50B875B}
	EndGlobalSection
EndGlobal
